// !$*UTF8*$!
{
	archiveVersion = 1;
	classes = {
	};
	objectVersion = 56;
	objects = {

/* Begin PBXBuildFile section */
		32ACD10529470512001B4A9A /* lidarData.swift in Sources */ = {isa = PBXBuildFile; fileRef = 32ACD10429470512001B4A9A /* lidarData.swift */; };
		32F587B629404D3100EE2BF6 /* sensorDataApp.swift in Sources */ = {isa = PBXBuildFile; fileRef = 32F587B529404D3100EE2BF6 /* sensorDataApp.swift */; };
		32F587B829404D3100EE2BF6 /* ContentView.swift in Sources */ = {isa = PBXBuildFile; fileRef = 32F587B729404D3100EE2BF6 /* ContentView.swift */; };
		32F587BA29404D3300EE2BF6 /* Assets.xcassets in Resources */ = {isa = PBXBuildFile; fileRef = 32F587B929404D3300EE2BF6 /* Assets.xcassets */; };
		32F587BE29404D3300EE2BF6 /* Preview Assets.xcassets in Resources */ = {isa = PBXBuildFile; fileRef = 32F587BD29404D3300EE2BF6 /* Preview Assets.xcassets */; };
		32F587C829404D3400EE2BF6 /* sensorDataTests.swift in Sources */ = {isa = PBXBuildFile; fileRef = 32F587C729404D3400EE2BF6 /* sensorDataTests.swift */; };
		32F587D229404D3400EE2BF6 /* sensorDataUITests.swift in Sources */ = {isa = PBXBuildFile; fileRef = 32F587D129404D3400EE2BF6 /* sensorDataUITests.swift */; };
		32F587D429404D3400EE2BF6 /* sensorDataUITestsLaunchTests.swift in Sources */ = {isa = PBXBuildFile; fileRef = 32F587D329404D3400EE2BF6 /* sensorDataUITestsLaunchTests.swift */; };
		32F587E22940D9C100EE2BF6 /* imuDataManager.swift in Sources */ = {isa = PBXBuildFile; fileRef = 32F587E12940D9C100EE2BF6 /* imuDataManager.swift */; };
/* End PBXBuildFile section */

/* Begin PBXContainerItemProxy section */
		32F587C429404D3400EE2BF6 /* PBXContainerItemProxy */ = {
			isa = PBXContainerItemProxy;
			containerPortal = 32F587AA29404D3100EE2BF6 /* Project object */;
			proxyType = 1;
			remoteGlobalIDString = 32F587B129404D3100EE2BF6;
			remoteInfo = sensorData;
		};
		32F587CE29404D3400EE2BF6 /* PBXContainerItemProxy */ = {
			isa = PBXContainerItemProxy;
			containerPortal = 32F587AA29404D3100EE2BF6 /* Project object */;
			proxyType = 1;
			remoteGlobalIDString = 32F587B129404D3100EE2BF6;
			remoteInfo = sensorData;
		};
/* End PBXContainerItemProxy section */

/* Begin PBXFileReference section */
		32ACD10429470512001B4A9A /* lidarData.swift */ = {isa = PBXFileReference; lastKnownFileType = sourcecode.swift; path = lidarData.swift; sourceTree = "<group>"; };
		32F587B229404D3100EE2BF6 /* sensorData.app */ = {isa = PBXFileReference; explicitFileType = wrapper.application; includeInIndex = 0; path = sensorData.app; sourceTree = BUILT_PRODUCTS_DIR; };
		32F587B529404D3100EE2BF6 /* sensorDataApp.swift */ = {isa = PBXFileReference; lastKnownFileType = sourcecode.swift; path = sensorDataApp.swift; sourceTree = "<group>"; };
		32F587B729404D3100EE2BF6 /* ContentView.swift */ = {isa = PBXFileReference; lastKnownFileType = sourcecode.swift; path = ContentView.swift; sourceTree = "<group>"; };
		32F587B929404D3300EE2BF6 /* Assets.xcassets */ = {isa = PBXFileReference; lastKnownFileType = folder.assetcatalog; path = Assets.xcassets; sourceTree = "<group>"; };
		32F587BB29404D3300EE2BF6 /* sensorData.entitlements */ = {isa = PBXFileReference; lastKnownFileType = text.plist.entitlements; path = sensorData.entitlements; sourceTree = "<group>"; };
		32F587BD29404D3300EE2BF6 /* Preview Assets.xcassets */ = {isa = PBXFileReference; lastKnownFileType = folder.assetcatalog; path = "Preview Assets.xcassets"; sourceTree = "<group>"; };
		32F587C329404D3400EE2BF6 /* sensorDataTests.xctest */ = {isa = PBXFileReference; explicitFileType = wrapper.cfbundle; includeInIndex = 0; path = sensorDataTests.xctest; sourceTree = BUILT_PRODUCTS_DIR; };
		32F587C729404D3400EE2BF6 /* sensorDataTests.swift */ = {isa = PBXFileReference; lastKnownFileType = sourcecode.swift; path = sensorDataTests.swift; sourceTree = "<group>"; };
		32F587CD29404D3400EE2BF6 /* sensorDataUITests.xctest */ = {isa = PBXFileReference; explicitFileType = wrapper.cfbundle; includeInIndex = 0; path = sensorDataUITests.xctest; sourceTree = BUILT_PRODUCTS_DIR; };
		32F587D129404D3400EE2BF6 /* sensorDataUITests.swift */ = {isa = PBXFileReference; lastKnownFileType = sourcecode.swift; path = sensorDataUITests.swift; sourceTree = "<group>"; };
		32F587D329404D3400EE2BF6 /* sensorDataUITestsLaunchTests.swift */ = {isa = PBXFileReference; lastKnownFileType = sourcecode.swift; path = sensorDataUITestsLaunchTests.swift; sourceTree = "<group>"; };
		32F587E12940D9C100EE2BF6 /* imuDataManager.swift */ = {isa = PBXFileReference; lastKnownFileType = sourcecode.swift; path = imuDataManager.swift; sourceTree = "<group>"; };
/* End PBXFileReference section */

/* Begin PBXFrameworksBuildPhase section */
		32F587AF29404D3100EE2BF6 /* Frameworks */ = {
			isa = PBXFrameworksBuildPhase;
			buildActionMask = 2147483647;
			files = (
			);
			runOnlyForDeploymentPostprocessing = 0;
		};
		32F587C029404D3400EE2BF6 /* Frameworks */ = {
			isa = PBXFrameworksBuildPhase;
			buildActionMask = 2147483647;
			files = (
			);
			runOnlyForDeploymentPostprocessing = 0;
		};
		32F587CA29404D3400EE2BF6 /* Frameworks */ = {
			isa = PBXFrameworksBuildPhase;
			buildActionMask = 2147483647;
			files = (
			);
			runOnlyForDeploymentPostprocessing = 0;
		};
/* End PBXFrameworksBuildPhase section */

/* Begin PBXGroup section */
		32F587A929404D3100EE2BF6 = {
			isa = PBXGroup;
			children = (
				32F587B429404D3100EE2BF6 /* sensorData */,
				32F587C629404D3400EE2BF6 /* sensorDataTests */,
				32F587D029404D3400EE2BF6 /* sensorDataUITests */,
				32F587B329404D3100EE2BF6 /* Products */,
			);
			sourceTree = "<group>";
		};
		32F587B329404D3100EE2BF6 /* Products */ = {
			isa = PBXGroup;
			children = (
				32F587B229404D3100EE2BF6 /* sensorData.app */,
				32F587C329404D3400EE2BF6 /* sensorDataTests.xctest */,
				32F587CD29404D3400EE2BF6 /* sensorDataUITests.xctest */,
			);
			name = Products;
			sourceTree = "<group>";
		};
		32F587B429404D3100EE2BF6 /* sensorData */ = {
			isa = PBXGroup;
			children = (
				32F587E02940D97700EE2BF6 /* DataManager */,
				32F587B529404D3100EE2BF6 /* sensorDataApp.swift */,
				32F587B729404D3100EE2BF6 /* ContentView.swift */,
				32F587B929404D3300EE2BF6 /* Assets.xcassets */,
				32F587BB29404D3300EE2BF6 /* sensorData.entitlements */,
				32F587BC29404D3300EE2BF6 /* Preview Content */,
			);
			path = sensorData;
			sourceTree = "<group>";
		};
		32F587BC29404D3300EE2BF6 /* Preview Content */ = {
			isa = PBXGroup;
			children = (
				32F587BD29404D3300EE2BF6 /* Preview Assets.xcassets */,
			);
			path = "Preview Content";
			sourceTree = "<group>";
		};
		32F587C629404D3400EE2BF6 /* sensorDataTests */ = {
			isa = PBXGroup;
			children = (
				32F587C729404D3400EE2BF6 /* sensorDataTests.swift */,
			);
			path = sensorDataTests;
			sourceTree = "<group>";
		};
		32F587D029404D3400EE2BF6 /* sensorDataUITests */ = {
			isa = PBXGroup;
			children = (
				32F587D129404D3400EE2BF6 /* sensorDataUITests.swift */,
				32F587D329404D3400EE2BF6 /* sensorDataUITestsLaunchTests.swift */,
			);
			path = sensorDataUITests;
			sourceTree = "<group>";
		};
		32F587E02940D97700EE2BF6 /* DataManager */ = {
			isa = PBXGroup;
			children = (
				32F587E12940D9C100EE2BF6 /* imuDataManager.swift */,
				32ACD10429470512001B4A9A /* lidarData.swift */,
			);
			path = DataManager;
			sourceTree = "<group>";
		};
/* End PBXGroup section */

/* Begin PBXNativeTarget section */
		32F587B129404D3100EE2BF6 /* sensorData */ = {
			isa = PBXNativeTarget;
			buildConfigurationList = 32F587D729404D3400EE2BF6 /* Build configuration list for PBXNativeTarget "sensorData" */;
			buildPhases = (
				32F587AE29404D3100EE2BF6 /* Sources */,
				32F587AF29404D3100EE2BF6 /* Frameworks */,
				32F587B029404D3100EE2BF6 /* Resources */,
			);
			buildRules = (
			);
			dependencies = (
			);
			name = sensorData;
			productName = sensorData;
			productReference = 32F587B229404D3100EE2BF6 /* sensorData.app */;
			productType = "com.apple.product-type.application";
		};
		32F587C229404D3400EE2BF6 /* sensorDataTests */ = {
			isa = PBXNativeTarget;
			buildConfigurationList = 32F587DA29404D3400EE2BF6 /* Build configuration list for PBXNativeTarget "sensorDataTests" */;
			buildPhases = (
				32F587BF29404D3400EE2BF6 /* Sources */,
				32F587C029404D3400EE2BF6 /* Frameworks */,
				32F587C129404D3400EE2BF6 /* Resources */,
			);
			buildRules = (
			);
			dependencies = (
				32F587C529404D3400EE2BF6 /* PBXTargetDependency */,
			);
			name = sensorDataTests;
			productName = sensorDataTests;
			productReference = 32F587C329404D3400EE2BF6 /* sensorDataTests.xctest */;
			productType = "com.apple.product-type.bundle.unit-test";
		};
		32F587CC29404D3400EE2BF6 /* sensorDataUITests */ = {
			isa = PBXNativeTarget;
			buildConfigurationList = 32F587DD29404D3400EE2BF6 /* Build configuration list for PBXNativeTarget "sensorDataUITests" */;
			buildPhases = (
				32F587C929404D3400EE2BF6 /* Sources */,
				32F587CA29404D3400EE2BF6 /* Frameworks */,
				32F587CB29404D3400EE2BF6 /* Resources */,
			);
			buildRules = (
			);
			dependencies = (
				32F587CF29404D3400EE2BF6 /* PBXTargetDependency */,
			);
			name = sensorDataUITests;
			productName = sensorDataUITests;
			productReference = 32F587CD29404D3400EE2BF6 /* sensorDataUITests.xctest */;
			productType = "com.apple.product-type.bundle.ui-testing";
		};
/* End PBXNativeTarget section */

/* Begin PBXProject section */
		32F587AA29404D3100EE2BF6 /* Project object */ = {
			isa = PBXProject;
			attributes = {
				BuildIndependentTargetsInParallel = 1;
				LastSwiftUpdateCheck = 1410;
				LastUpgradeCheck = 1410;
				TargetAttributes = {
					32F587B129404D3100EE2BF6 = {
						CreatedOnToolsVersion = 14.1;
					};
					32F587C229404D3400EE2BF6 = {
						CreatedOnToolsVersion = 14.1;
						TestTargetID = 32F587B129404D3100EE2BF6;
					};
					32F587CC29404D3400EE2BF6 = {
						CreatedOnToolsVersion = 14.1;
						TestTargetID = 32F587B129404D3100EE2BF6;
					};
				};
			};
			buildConfigurationList = 32F587AD29404D3100EE2BF6 /* Build configuration list for PBXProject "sensorData" */;
			compatibilityVersion = "Xcode 14.0";
			developmentRegion = en;
			hasScannedForEncodings = 0;
			knownRegions = (
				en,
				Base,
			);
			mainGroup = 32F587A929404D3100EE2BF6;
			productRefGroup = 32F587B329404D3100EE2BF6 /* Products */;
			projectDirPath = "";
			projectRoot = "";
			targets = (
				32F587B129404D3100EE2BF6 /* sensorData */,
				32F587C229404D3400EE2BF6 /* sensorDataTests */,
				32F587CC29404D3400EE2BF6 /* sensorDataUITests */,
			);
		};
/* End PBXProject section */

/* Begin PBXResourcesBuildPhase section */
		32F587B029404D3100EE2BF6 /* Resources */ = {
			isa = PBXResourcesBuildPhase;
			buildActionMask = 2147483647;
			files = (
				32F587BE29404D3300EE2BF6 /* Preview Assets.xcassets in Resources */,
				32F587BA29404D3300EE2BF6 /* Assets.xcassets in Resources */,
			);
			runOnlyForDeploymentPostprocessing = 0;
		};
		32F587C129404D3400EE2BF6 /* Resources */ = {
			isa = PBXResourcesBuildPhase;
			buildActionMask = 2147483647;
			files = (
			);
			runOnlyForDeploymentPostprocessing = 0;
		};
		32F587CB29404D3400EE2BF6 /* Resources */ = {
			isa = PBXResourcesBuildPhase;
			buildActionMask = 2147483647;
			files = (
			);
			runOnlyForDeploymentPostprocessing = 0;
		};
/* End PBXResourcesBuildPhase section */

/* Begin PBXSourcesBuildPhase section */
		32F587AE29404D3100EE2BF6 /* Sources */ = {
			isa = PBXSourcesBuildPhase;
			buildActionMask = 2147483647;
			files = (
				32ACD10529470512001B4A9A /* lidarData.swift in Sources */,
				32F587B829404D3100EE2BF6 /* ContentView.swift in Sources */,
				32F587B629404D3100EE2BF6 /* sensorDataApp.swift in Sources */,
				32F587E22940D9C100EE2BF6 /* imuDataManager.swift in Sources */,
			);
			runOnlyForDeploymentPostprocessing = 0;
		};
		32F587BF29404D3400EE2BF6 /* Sources */ = {
			isa = PBXSourcesBuildPhase;
			buildActionMask = 2147483647;
			files = (
				32F587C829404D3400EE2BF6 /* sensorDataTests.swift in Sources */,
			);
			runOnlyForDeploymentPostprocessing = 0;
		};
		32F587C929404D3400EE2BF6 /* Sources */ = {
			isa = PBXSourcesBuildPhase;
			buildActionMask = 2147483647;
			files = (
				32F587D429404D3400EE2BF6 /* sensorDataUITestsLaunchTests.swift in Sources */,
				32F587D229404D3400EE2BF6 /* sensorDataUITests.swift in Sources */,
			);
			runOnlyForDeploymentPostprocessing = 0;
		};
/* End PBXSourcesBuildPhase section */

/* Begin PBXTargetDependency section */
		32F587C529404D3400EE2BF6 /* PBXTargetDependency */ = {
			isa = PBXTargetDependency;
			target = 32F587B129404D3100EE2BF6 /* sensorData */;
			targetProxy = 32F587C429404D3400EE2BF6 /* PBXContainerItemProxy */;
		};
		32F587CF29404D3400EE2BF6 /* PBXTargetDependency */ = {
			isa = PBXTargetDependency;
			target = 32F587B129404D3100EE2BF6 /* sensorData */;
			targetProxy = 32F587CE29404D3400EE2BF6 /* PBXContainerItemProxy */;
		};
/* End PBXTargetDependency section */

/* Begin XCBuildConfiguration section */
		32F587D529404D3400EE2BF6 /* Debug */ = {
			isa = XCBuildConfiguration;
			buildSettings = {
				ALWAYS_SEARCH_USER_PATHS = NO;
				CLANG_ANALYZER_NONNULL = YES;
				CLANG_ANALYZER_NUMBER_OBJECT_CONVERSION = YES_AGGRESSIVE;
				CLANG_CXX_LANGUAGE_STANDARD = "gnu++20";
				CLANG_ENABLE_MODULES = YES;
				CLANG_ENABLE_OBJC_ARC = YES;
				CLANG_ENABLE_OBJC_WEAK = YES;
				CLANG_WARN_BLOCK_CAPTURE_AUTORELEASING = YES;
				CLANG_WARN_BOOL_CONVERSION = YES;
				CLANG_WARN_COMMA = YES;
				CLANG_WARN_CONSTANT_CONVERSION = YES;
				CLANG_WARN_DEPRECATED_OBJC_IMPLEMENTATIONS = YES;
				CLANG_WARN_DIRECT_OBJC_ISA_USAGE = YES_ERROR;
				CLANG_WARN_DOCUMENTATION_COMMENTS = YES;
				CLANG_WARN_EMPTY_BODY = YES;
				CLANG_WARN_ENUM_CONVERSION = YES;
				CLANG_WARN_INFINITE_RECURSION = YES;
				CLANG_WARN_INT_CONVERSION = YES;
				CLANG_WARN_NON_LITERAL_NULL_CONVERSION = YES;
				CLANG_WARN_OBJC_IMPLICIT_RETAIN_SELF = YES;
				CLANG_WARN_OBJC_LITERAL_CONVERSION = YES;
				CLANG_WARN_OBJC_ROOT_CLASS = YES_ERROR;
				CLANG_WARN_QUOTED_INCLUDE_IN_FRAMEWORK_HEADER = YES;
				CLANG_WARN_RANGE_LOOP_ANALYSIS = YES;
				CLANG_WARN_STRICT_PROTOTYPES = YES;
				CLANG_WARN_SUSPICIOUS_MOVE = YES;
				CLANG_WARN_UNGUARDED_AVAILABILITY = YES_AGGRESSIVE;
				CLANG_WARN_UNREACHABLE_CODE = YES;
				CLANG_WARN__DUPLICATE_METHOD_MATCH = YES;
				COPY_PHASE_STRIP = NO;
				DEBUG_INFORMATION_FORMAT = dwarf;
				ENABLE_STRICT_OBJC_MSGSEND = YES;
				ENABLE_TESTABILITY = YES;
				GCC_C_LANGUAGE_STANDARD = gnu11;
				GCC_DYNAMIC_NO_PIC = NO;
				GCC_NO_COMMON_BLOCKS = YES;
				GCC_OPTIMIZATION_LEVEL = 0;
				GCC_PREPROCESSOR_DEFINITIONS = (
					"DEBUG=1",
					"$(inherited)",
				);
				GCC_WARN_64_TO_32_BIT_CONVERSION = YES;
				GCC_WARN_ABOUT_RETURN_TYPE = YES_ERROR;
				GCC_WARN_UNDECLARED_SELECTOR = YES;
				GCC_WARN_UNINITIALIZED_AUTOS = YES_AGGRESSIVE;
				GCC_WARN_UNUSED_FUNCTION = YES;
				GCC_WARN_UNUSED_VARIABLE = YES;
				MTL_ENABLE_DEBUG_INFO = INCLUDE_SOURCE;
				MTL_FAST_MATH = YES;
				ONLY_ACTIVE_ARCH = YES;
				SWIFT_ACTIVE_COMPILATION_CONDITIONS = DEBUG;
				SWIFT_OPTIMIZATION_LEVEL = "-Onone";
			};
			name = Debug;
		};
		32F587D629404D3400EE2BF6 /* Release */ = {
			isa = XCBuildConfiguration;
			buildSettings = {
				ALWAYS_SEARCH_USER_PATHS = NO;
				CLANG_ANALYZER_NONNULL = YES;
				CLANG_ANALYZER_NUMBER_OBJECT_CONVERSION = YES_AGGRESSIVE;
				CLANG_CXX_LANGUAGE_STANDARD = "gnu++20";
				CLANG_ENABLE_MODULES = YES;
				CLANG_ENABLE_OBJC_ARC = YES;
				CLANG_ENABLE_OBJC_WEAK = YES;
				CLANG_WARN_BLOCK_CAPTURE_AUTORELEASING = YES;
				CLANG_WARN_BOOL_CONVERSION = YES;
				CLANG_WARN_COMMA = YES;
				CLANG_WARN_CONSTANT_CONVERSION = YES;
				CLANG_WARN_DEPRECATED_OBJC_IMPLEMENTATIONS = YES;
				CLANG_WARN_DIRECT_OBJC_ISA_USAGE = YES_ERROR;
				CLANG_WARN_DOCUMENTATION_COMMENTS = YES;
				CLANG_WARN_EMPTY_BODY = YES;
				CLANG_WARN_ENUM_CONVERSION = YES;
				CLANG_WARN_INFINITE_RECURSION = YES;
				CLANG_WARN_INT_CONVERSION = YES;
				CLANG_WARN_NON_LITERAL_NULL_CONVERSION = YES;
				CLANG_WARN_OBJC_IMPLICIT_RETAIN_SELF = YES;
				CLANG_WARN_OBJC_LITERAL_CONVERSION = YES;
				CLANG_WARN_OBJC_ROOT_CLASS = YES_ERROR;
				CLANG_WARN_QUOTED_INCLUDE_IN_FRAMEWORK_HEADER = YES;
				CLANG_WARN_RANGE_LOOP_ANALYSIS = YES;
				CLANG_WARN_STRICT_PROTOTYPES = YES;
				CLANG_WARN_SUSPICIOUS_MOVE = YES;
				CLANG_WARN_UNGUARDED_AVAILABILITY = YES_AGGRESSIVE;
				CLANG_WARN_UNREACHABLE_CODE = YES;
				CLANG_WARN__DUPLICATE_METHOD_MATCH = YES;
				COPY_PHASE_STRIP = NO;
				DEBUG_INFORMATION_FORMAT = "dwarf-with-dsym";
				ENABLE_NS_ASSERTIONS = NO;
				ENABLE_STRICT_OBJC_MSGSEND = YES;
				GCC_C_LANGUAGE_STANDARD = gnu11;
				GCC_NO_COMMON_BLOCKS = YES;
				GCC_WARN_64_TO_32_BIT_CONVERSION = YES;
				GCC_WARN_ABOUT_RETURN_TYPE = YES_ERROR;
				GCC_WARN_UNDECLARED_SELECTOR = YES;
				GCC_WARN_UNINITIALIZED_AUTOS = YES_AGGRESSIVE;
				GCC_WARN_UNUSED_FUNCTION = YES;
				GCC_WARN_UNUSED_VARIABLE = YES;
				MTL_ENABLE_DEBUG_INFO = NO;
				MTL_FAST_MATH = YES;
				SWIFT_COMPILATION_MODE = wholemodule;
				SWIFT_OPTIMIZATION_LEVEL = "-O";
			};
			name = Release;
		};
		32F587D829404D3400EE2BF6 /* Debug */ = {
			isa = XCBuildConfiguration;
			buildSettings = {
				ASSETCATALOG_COMPILER_APPICON_NAME = AppIcon;
				ASSETCATALOG_COMPILER_GLOBAL_ACCENT_COLOR_NAME = AccentColor;
				CODE_SIGN_ENTITLEMENTS = sensorData/sensorData.entitlements;
				CODE_SIGN_IDENTITY = "Apple Development";
				CODE_SIGN_STYLE = Automatic;
				CURRENT_PROJECT_VERSION = 1;
				DEVELOPMENT_ASSET_PATHS = "\"sensorData/Preview Content\"";
				DEVELOPMENT_TEAM = YEW9947H62;
				ENABLE_HARDENED_RUNTIME = YES;
				ENABLE_PREVIEWS = YES;
				GENERATE_INFOPLIST_FILE = YES;
				"INFOPLIST_KEY_UIApplicationSceneManifest_Generation[sdk=iphoneos*]" = YES;
				"INFOPLIST_KEY_UIApplicationSceneManifest_Generation[sdk=iphonesimulator*]" = YES;
				"INFOPLIST_KEY_UIApplicationSupportsIndirectInputEvents[sdk=iphoneos*]" = YES;
				"INFOPLIST_KEY_UIApplicationSupportsIndirectInputEvents[sdk=iphonesimulator*]" = YES;
				"INFOPLIST_KEY_UILaunchScreen_Generation[sdk=iphoneos*]" = YES;
				"INFOPLIST_KEY_UILaunchScreen_Generation[sdk=iphonesimulator*]" = YES;
				"INFOPLIST_KEY_UIStatusBarStyle[sdk=iphoneos*]" = UIStatusBarStyleDefault;
				"INFOPLIST_KEY_UIStatusBarStyle[sdk=iphonesimulator*]" = UIStatusBarStyleDefault;
				INFOPLIST_KEY_UISupportedInterfaceOrientations_iPad = "UIInterfaceOrientationPortrait UIInterfaceOrientationPortraitUpsideDown UIInterfaceOrientationLandscapeLeft UIInterfaceOrientationLandscapeRight";
				INFOPLIST_KEY_UISupportedInterfaceOrientations_iPhone = "UIInterfaceOrientationPortrait UIInterfaceOrientationLandscapeLeft UIInterfaceOrientationLandscapeRight";
				IPHONEOS_DEPLOYMENT_TARGET = 16.1;
				LD_RUNPATH_SEARCH_PATHS = "@executable_path/Frameworks";
				"LD_RUNPATH_SEARCH_PATHS[sdk=macosx*]" = "@executable_path/../Frameworks";
				MACOSX_DEPLOYMENT_TARGET = 13.0;
				MARKETING_VERSION = 1.0;
				PRODUCT_BUNDLE_IDENTIFIER = "N-A.sensorData";
				PRODUCT_NAME = "$(TARGET_NAME)";
				PROVISIONING_PROFILE_SPECIFIER = "";
				SDKROOT = auto;
				SUPPORTED_PLATFORMS = "iphoneos iphonesimulator";
				SUPPORTS_MACCATALYST = NO;
				SUPPORTS_MAC_DESIGNED_FOR_IPHONE_IPAD = NO;
				SWIFT_EMIT_LOC_STRINGS = YES;
				SWIFT_VERSION = 5.0;
				TARGETED_DEVICE_FAMILY = 1;
			};
			name = Debug;
		};
		32F587D929404D3400EE2BF6 /* Release */ = {
			isa = XCBuildConfiguration;
			buildSettings = {
				ASSETCATALOG_COMPILER_APPICON_NAME = AppIcon;
				ASSETCATALOG_COMPILER_GLOBAL_ACCENT_COLOR_NAME = AccentColor;
				CODE_SIGN_ENTITLEMENTS = sensorData/sensorData.entitlements;
				CODE_SIGN_IDENTITY = "Apple Development";
				CODE_SIGN_STYLE = Automatic;
				CURRENT_PROJECT_VERSION = 1;
				DEVELOPMENT_ASSET_PATHS = "\"sensorData/Preview Content\"";
				DEVELOPMENT_TEAM = YEW9947H62;
				ENABLE_HARDENED_RUNTIME = YES;
				ENABLE_PREVIEWS = YES;
				GENERATE_INFOPLIST_FILE = YES;
				"INFOPLIST_KEY_UIApplicationSceneManifest_Generation[sdk=iphoneos*]" = YES;
				"INFOPLIST_KEY_UIApplicationSceneManifest_Generation[sdk=iphonesimulator*]" = YES;
				"INFOPLIST_KEY_UIApplicationSupportsIndirectInputEvents[sdk=iphoneos*]" = YES;
				"INFOPLIST_KEY_UIApplicationSupportsIndirectInputEvents[sdk=iphonesimulator*]" = YES;
				"INFOPLIST_KEY_UILaunchScreen_Generation[sdk=iphoneos*]" = YES;
				"INFOPLIST_KEY_UILaunchScreen_Generation[sdk=iphonesimulator*]" = YES;
				"INFOPLIST_KEY_UIStatusBarStyle[sdk=iphoneos*]" = UIStatusBarStyleDefault;
				"INFOPLIST_KEY_UIStatusBarStyle[sdk=iphonesimulator*]" = UIStatusBarStyleDefault;
				INFOPLIST_KEY_UISupportedInterfaceOrientations_iPad = "UIInterfaceOrientationPortrait UIInterfaceOrientationPortraitUpsideDown UIInterfaceOrientationLandscapeLeft UIInterfaceOrientationLandscapeRight";
				INFOPLIST_KEY_UISupportedInterfaceOrientations_iPhone = "UIInterfaceOrientationPortrait UIInterfaceOrientationLandscapeLeft UIInterfaceOrientationLandscapeRight";
				IPHONEOS_DEPLOYMENT_TARGET = 16.1;
				LD_RUNPATH_SEARCH_PATHS = "@executable_path/Frameworks";
				"LD_RUNPATH_SEARCH_PATHS[sdk=macosx*]" = "@executable_path/../Frameworks";
				MACOSX_DEPLOYMENT_TARGET = 13.0;
				MARKETING_VERSION = 1.0;
				PRODUCT_BUNDLE_IDENTIFIER = "N-A.sensorData";
				PRODUCT_NAME = "$(TARGET_NAME)";
				PROVISIONING_PROFILE_SPECIFIER = "";
				SDKROOT = auto;
				SUPPORTED_PLATFORMS = "iphoneos iphonesimulator";
				SUPPORTS_MACCATALYST = NO;
				SUPPORTS_MAC_DESIGNED_FOR_IPHONE_IPAD = NO;
				SWIFT_EMIT_LOC_STRINGS = YES;
				SWIFT_VERSION = 5.0;
				TARGETED_DEVICE_FAMILY = 1;
			};
			name = Release;
		};
		32F587DB29404D3400EE2BF6 /* Debug */ = {
			isa = XCBuildConfiguration;
			buildSettings = {
				ALWAYS_EMBED_SWIFT_STANDARD_LIBRARIES = YES;
				BUNDLE_LOADER = "$(TEST_HOST)";
				CODE_SIGN_STYLE = Automatic;
				CURRENT_PROJECT_VERSION = 1;
				DEVELOPMENT_TEAM = YEW9947H62;
				GENERATE_INFOPLIST_FILE = YES;
				IPHONEOS_DEPLOYMENT_TARGET = 16.1;
				MACOSX_DEPLOYMENT_TARGET = 13.0;
				MARKETING_VERSION = 1.0;
				PRODUCT_BUNDLE_IDENTIFIER = "N-A.sensorDataTests";
				PRODUCT_NAME = "$(TARGET_NAME)";
				SDKROOT = auto;
				SUPPORTED_PLATFORMS = "iphoneos iphonesimulator macosx";
				SWIFT_EMIT_LOC_STRINGS = NO;
				SWIFT_VERSION = 5.0;
				TARGETED_DEVICE_FAMILY = "1,2";
				TEST_HOST = "$(BUILT_PRODUCTS_DIR)/sensorData.app/$(BUNDLE_EXECUTABLE_FOLDER_PATH)/sensorData";
			};
			name = Debug;
		};
		32F587DC29404D3400EE2BF6 /* Release */ = {
			isa = XCBuildConfiguration;
			buildSettings = {
				ALWAYS_EMBED_SWIFT_STANDARD_LIBRARIES = YES;
				BUNDLE_LOADER = "$(TEST_HOST)";
				CODE_SIGN_IDENTITY = "Apple Development";
				CODE_SIGN_STYLE = Automatic;
				CURRENT_PROJECT_VERSION = 1;
				DEVELOPMENT_TEAM = YEW9947H62;
				GENERATE_INFOPLIST_FILE = YES;
				IPHONEOS_DEPLOYMENT_TARGET = 16.1;
				MACOSX_DEPLOYMENT_TARGET = 13.0;
				MARKETING_VERSION = 1.0;
				PRODUCT_BUNDLE_IDENTIFIER = "N-A.sensorDataTests";
				PRODUCT_NAME = "$(TARGET_NAME)";
				PROVISIONING_PROFILE_SPECIFIER = "";
				SDKROOT = auto;
				SUPPORTED_PLATFORMS = "iphoneos iphonesimulator macosx";
				SWIFT_EMIT_LOC_STRINGS = NO;
				SWIFT_VERSION = 5.0;
				TARGETED_DEVICE_FAMILY = "1,2";
				TEST_HOST = "$(BUILT_PRODUCTS_DIR)/sensorData.app/$(BUNDLE_EXECUTABLE_FOLDER_PATH)/sensorData";
			};
			name = Release;
		};
		32F587DE29404D3400EE2BF6 /* Debug */ = {
			isa = XCBuildConfiguration;
			buildSettings = {
				ALWAYS_EMBED_SWIFT_STANDARD_LIBRARIES = YES;
				CODE_SIGN_STYLE = Automatic;
				CURRENT_PROJECT_VERSION = 1;
				DEVELOPMENT_TEAM = YEW9947H62;
				GENERATE_INFOPLIST_FILE = YES;
				IPHONEOS_DEPLOYMENT_TARGET = 16.1;
				MACOSX_DEPLOYMENT_TARGET = 13.0;
				MARKETING_VERSION = 1.0;
				PRODUCT_BUNDLE_IDENTIFIER = "N-A.sensorDataUITests";
				PRODUCT_NAME = "$(TARGET_NAME)";
				SDKROOT = auto;
				SUPPORTED_PLATFORMS = "iphoneos iphonesimulator macosx";
				SWIFT_EMIT_LOC_STRINGS = NO;
				SWIFT_VERSION = 5.0;
				TARGETED_DEVICE_FAMILY = "1,2";
				TEST_TARGET_NAME = sensorData;
			};
			name = Debug;
		};
		32F587DF29404D3400EE2BF6 /* Release */ = {
			isa = XCBuildConfiguration;
			buildSettings = {
				ALWAYS_EMBED_SWIFT_STANDARD_LIBRARIES = YES;
				"CODE_SIGN_IDENTITY[sdk=macosx*]" = "Apple Development";
				CODE_SIGN_STYLE = Automatic;
				CURRENT_PROJECT_VERSION = 1;
				DEVELOPMENT_TEAM = YEW9947H62;
				GENERATE_INFOPLIST_FILE = YES;
				IPHONEOS_DEPLOYMENT_TARGET = 16.1;
				MACOSX_DEPLOYMENT_TARGET = 13.0;
				MARKETING_VERSION = 1.0;
				PRODUCT_BUNDLE_IDENTIFIER = "N-A.sensorDataUITests";
				PRODUCT_NAME = "$(TARGET_NAME)";
				SDKROOT = auto;
				SUPPORTED_PLATFORMS = "iphoneos iphonesimulator macosx";
				SWIFT_EMIT_LOC_STRINGS = NO;
				SWIFT_VERSION = 5.0;
				TARGETED_DEVICE_FAMILY = "1,2";
				TEST_TARGET_NAME = sensorData;
			};
			name = Release;
		};
/* End XCBuildConfiguration section */

/* Begin XCConfigurationList section */
		32F587AD29404D3100EE2BF6 /* Build configuration list for PBXProject "sensorData" */ = {
			isa = XCConfigurationList;
			buildConfigurations = (
				32F587D529404D3400EE2BF6 /* Debug */,
				32F587D629404D3400EE2BF6 /* Release */,
			);
			defaultConfigurationIsVisible = 0;
			defaultConfigurationName = Release;
		};
		32F587D729404D3400EE2BF6 /* Build configuration list for PBXNativeTarget "sensorData" */ = {
			isa = XCConfigurationList;
			buildConfigurations = (
				32F587D829404D3400EE2BF6 /* Debug */,
				32F587D929404D3400EE2BF6 /* Release */,
			);
			defaultConfigurationIsVisible = 0;
			defaultConfigurationName = Release;
		};
		32F587DA29404D3400EE2BF6 /* Build configuration list for PBXNativeTarget "sensorDataTests" */ = {
			isa = XCConfigurationList;
			buildConfigurations = (
				32F587DB29404D3400EE2BF6 /* Debug */,
				32F587DC29404D3400EE2BF6 /* Release */,
			);
			defaultConfigurationIsVisible = 0;
			defaultConfigurationName = Release;
		};
		32F587DD29404D3400EE2BF6 /* Build configuration list for PBXNativeTarget "sensorDataUITests" */ = {
			isa = XCConfigurationList;
			buildConfigurations = (
				32F587DE29404D3400EE2BF6 /* Debug */,
				32F587DF29404D3400EE2BF6 /* Release */,
			);
			defaultConfigurationIsVisible = 0;
			defaultConfigurationName = Release;
		};
/* End XCConfigurationList section */
	};
	rootObject = 32F587AA29404D3100EE2BF6 /* Project object */;
}
